
Microsoft Visual Studio Solution File, Format Version 12.00
# Visual Studio Version 17
VisualStudioVersion = 17.10.35122.118
MinimumVisualStudioVersion = 10.0.40219.1
Project("{9A19103F-16F7-4668-BE54-9A1E7A4F7556}") = "GameClient", "GameClient.csproj", "{7F806BF1-D4EA-4DF5-BB1F-A3EFBDAA8E60}"
EndProject
Project("{9A19103F-16F7-4668-BE54-9A1E7A4F7556}") = "RESTServer", "..\RESTServer\RESTServer.csproj", "{94A3CBA1-65B0-472E-B34A-49C0351974C9}"
EndProject
Project("{9A19103F-16F7-4668-BE54-9A1E7A4F7556}") = "UDPGameServer", "..\UDPGameServer\UDPGameServer.csproj", "{582E92FA-3C41-4FC6-A81E-40CDF87D223C}"
EndProject
Project("{9A19103F-16F7-4668-BE54-9A1E7A4F7556}") = "ChatClient", "..\ChatClient\ChatClient.csproj", "{26C6B8F8-49C0-4A90-B59A-CA6C23C0182C}"
EndProject
Project("{FAE04EC0-301F-11D3-BF4B-00C04F79EFBC}") = "TCP", "..\TCP\TCP.csproj", "{15A15492-BB90-4A9B-ACAC-0DA13DC506DF}"
EndProject
Global
	GlobalSection(SolutionConfigurationPlatforms) = preSolution
		Debug|Any CPU = Debug|Any CPU
		Release|Any CPU = Release|Any CPU
	EndGlobalSection
	GlobalSection(ProjectConfigurationPlatforms) = postSolution
		{7F806BF1-D4EA-4DF5-BB1F-A3EFBDAA8E60}.Debug|Any CPU.ActiveCfg = Debug|Any CPU
		{7F806BF1-D4EA-4DF5-BB1F-A3EFBDAA8E60}.Debug|Any CPU.Build.0 = Debug|Any CPU
		{7F806BF1-D4EA-4DF5-BB1F-A3EFBDAA8E60}.Release|Any CPU.ActiveCfg = Release|Any CPU
		{7F806BF1-D4EA-4DF5-BB1F-A3EFBDAA8E60}.Release|Any CPU.Build.0 = Release|Any CPU
		{94A3CBA1-65B0-472E-B34A-49C0351974C9}.Debug|Any CPU.ActiveCfg = Debug|Any CPU
		{94A3CBA1-65B0-472E-B34A-49C0351974C9}.Debug|Any CPU.Build.0 = Debug|Any CPU
		{94A3CBA1-65B0-472E-B34A-49C0351974C9}.Release|Any CPU.ActiveCfg = Release|Any CPU
		{94A3CBA1-65B0-472E-B34A-49C0351974C9}.Release|Any CPU.Build.0 = Release|Any CPU
		{582E92FA-3C41-4FC6-A81E-40CDF87D223C}.Debug|Any CPU.ActiveCfg = Debug|Any CPU
		{582E92FA-3C41-4FC6-A81E-40CDF87D223C}.Debug|Any CPU.Build.0 = Debug|Any CPU
		{582E92FA-3C41-4FC6-A81E-40CDF87D223C}.Release|Any CPU.ActiveCfg = Release|Any CPU
		{582E92FA-3C41-4FC6-A81E-40CDF87D223C}.Release|Any CPU.Build.0 = Release|Any CPU
		{26C6B8F8-49C0-4A90-B59A-CA6C23C0182C}.Debug|Any CPU.ActiveCfg = Debug|Any CPU
		{26C6B8F8-49C0-4A90-B59A-CA6C23C0182C}.Debug|Any CPU.Build.0 = Debug|Any CPU
		{26C6B8F8-49C0-4A90-B59A-CA6C23C0182C}.Release|Any CPU.ActiveCfg = Release|Any CPU
		{26C6B8F8-49C0-4A90-B59A-CA6C23C0182C}.Release|Any CPU.Build.0 = Release|Any CPU
		{15A15492-BB90-4A9B-ACAC-0DA13DC506DF}.Debug|Any CPU.ActiveCfg = Debug|Any CPU
		{15A15492-BB90-4A9B-ACAC-0DA13DC506DF}.Debug|Any CPU.Build.0 = Debug|Any CPU
		{15A15492-BB90-4A9B-ACAC-0DA13DC506DF}.Release|Any CPU.ActiveCfg = Release|Any CPU
		{15A15492-BB90-4A9B-ACAC-0DA13DC506DF}.Release|Any CPU.Build.0 = Release|Any CPU
	EndGlobalSection
	GlobalSection(SolutionProperties) = preSolution
		HideSolutionNode = FALSE
	EndGlobalSection
	GlobalSection(ExtensibilityGlobals) = postSolution
		SolutionGuid = {2F07D1F1-001D-4E95-A5F5-CCCD5A3FE5C8}
	EndGlobalSection
EndGlobal
